
Microsoft Visual Studio Solution File, Format Version 12.00
# Visual Studio Version 16
VisualStudioVersion = 16.0.30011.22
MinimumVisualStudioVersion = 10.0.40219.1
Project("{FAE04EC0-301F-11D3-BF4B-00C04F79EFBC}") = "Complaints", "Complaints\Complaints.csproj", "{BD2102FB-CD8F-4C35-8F39-144E31EB440E}"
EndProject
Global
	GlobalSection(SolutionConfigurationPlatforms) = preSolution
		Debug|Any CPU = Debug|Any CPU
		Release|Any CPU = Release|Any CPU
	EndGlobalSection
	GlobalSection(ProjectConfigurationPlatforms) = postSolution
		{BD2102FB-CD8F-4C35-8F39-144E31EB440E}.Debug|Any CPU.ActiveCfg = Debug|Any CPU
		{BD2102FB-CD8F-4C35-8F39-144E31EB440E}.Debug|Any CPU.Build.0 = Debug|Any CPU
		{BD2102FB-CD8F-4C35-8F39-144E31EB440E}.Release|Any CPU.ActiveCfg = Release|Any CPU
		{BD2102FB-CD8F-4C35-8F39-144E31EB440E}.Release|Any CPU.Build.0 = Release|Any CPU
	EndGlobalSection
	GlobalSection(SolutionProperties) = preSolution
		HideSolutionNode = FALSE
	EndGlobalSection
	GlobalSection(ExtensibilityGlobals) = postSolution
		SolutionGuid = {5C10B107-24D2-48EC-87AC-915968AADF5C}
	EndGlobalSection
EndGlobal
